{
  "name": "fake",
  "lockfileVersion": 2,
  "requires": true,
  "packages": {
    "node_modules/fake-package-1": {
      "version": "1.0.3"
    },
    "node_modules/fake-package-2": {
      "version": "2.0.1"
    },
    "node_modules/fake-package-3": {
      "version": "3.1.9"
    }
  },
  "dependencies": {
    "fake-package-1": {
      "version": "1.0.3"
    },
    "fake-package-2": {
      "version": "2.0.1"
    },
    "fake-package-3": {
      "version": "3.1.9"
    }
  }
}
