{
  "name": "fake",
  "lockfileVersion": 3,
  "requires": true,
  "packages": {
    "node_modules/fake-package-01": {
      "version": "1.0.0"
    },
    "node_modules/fake-package-02": {
      "link": true
    },
    "node_modules/fake-package-03": {
      "link": true,
      "resolved": "foobar/fake-package-03"
    },
    "node_modules/fake-package-04": {
      "link": true,
      "resolved": "foobar/fake-package-04"
    },
    "foobar/fake-package-04": {
      "version": "1.0.0"
    }
  }
}
