{
  "name": "fake",
  "lockfileVersion": 2,
  "requires": true,
  "packages": {
    "node_modules/fake-package-1": {
      "version": "1.0.0"
    },
    "node_modules/fake-dev-package-1": {
      "version": "2.0.0"
    },
    "node_modules/fake-optional-package-1": {
      "version": "3.0.0"
    }
  },
  "dependencies": {
    "fake-package-1": {
      "version": "1.0.0"
    },
    "fake-dev-package-1": {
      "version": "2.0.0"
    },
    "fake-optional-package-1": {
      "version": "3.0.0"
    }
  }
}
