# This file is generated by running "yarn install" inside your project.
# Manual changes might be lost - proceed with caution!

__metadata:
  version: 4

"fake-package-1@npm:^1.0.0":
  version: 1.0.3

"fake-package-2@npm:^2.0.0":
  version: 2.0.1
  dependencies:
    "fake-package-4": "^4.0.0"

"fake-package-3@npm:^3.0.0":
  version: 3.1.9
  dependencies:
    "fake-package-4": "^4.5.0"

"fake-package-4@npm:^4.0.0, fake-package-4@npm:^4.5.0":
  version: 4.6.3
