{
  "name": "fake",
  "lockfileVersion": 2,
  "requires": true,
  "packages": {
    "node_modules/fake-package-01": {
      "version": "1.1.0"
    },
    "node_modules/fake-package-02": {
      "version": "2.5.2"
    },
    "node_modules/fake-package-03": {
      "version": "3.1.1"
    },
    "node_modules/fake-package-04": {
      "version": "0.0.3"
    },
    "node_modules/fake-package-05": {
      "version": "0.0.9"
    },
    "node_modules/fake-package-06": {
      "version": "0.1.0"
    },
    "node_modules/fake-package-07": {
      "version": "0.1.1"
    },
    "node_modules/fake-package-08": {
      "version": "1.0.0-rc.1"
    },
    "node_modules/fake-package-09": {
      "version": "1.1.1"
    },
    "node_modules/fake-package-10": {
      "version": "2.2.2"
    },
    "node_modules/fake-package-11": {
      "version": "2.1.6"
    },
    "node_modules/fake-package-12": {
      "version": "2.4.2"
    },
    "node_modules/fake-dev-package-1": {
      "version": "4.0.0"
    },
    "node_modules/fake-dev-package-2": {
      "version": "5.0.0"
    },
    "node_modules/fake-dev-package-3": {
      "version": "6.0.0"
    },
    "node_modules/fake-optional-package-1": {
      "version": "7.0.0"
    },
    "node_modules/fake-optional-package-2": {
      "version": "8.0.0"
    },
    "node_modules/fake-optional-package-3": {
      "version": "9.0.0"
    }
  },
  "dependencies": {
    "fake-package-01": {
      "version": "1.1.0"
    },
    "fake-package-02": {
      "version": "2.5.2"
    },
    "fake-package-03": {
      "version": "3.1.1"
    },
    "fake-package-04": {
      "version": "0.0.3"
    },
    "fake-package-05": {
      "version": "0.0.9"
    },
    "fake-package-06": {
      "version": "0.1.0"
    },
    "fake-package-07": {
      "version": "0.1.1"
    },
    "fake-package-08": {
      "version": "1.0.0-rc.1"
    },
    "fake-package-09": {
      "version": "1.1.1"
    },
    "fake-package-10": {
      "version": "2.2.2"
    },
    "fake-package-11": {
      "version": "2.1.6"
    },
    "fake-package-12": {
      "version": "2.4.2"
    },
    "fake-dev-package-1": {
      "version": "4.0.0"
    },
    "fake-dev-package-2": {
      "version": "5.0.0"
    },
    "fake-dev-package-3": {
      "version": "6.0.0"
    },
    "fake-optional-package-1": {
      "version": "7.0.0"
    },
    "fake-optional-package-2": {
      "version": "8.0.0"
    },
    "fake-optional-package-3": {
      "version": "9.0.0"
    }
  }
}
